
Microsoft Visual Studio Solution File, Format Version 12.00
# Visual Studio Version 16
VisualStudioVersion = 16.0.30114.105
MinimumVisualStudioVersion = 10.0.40219.1
Project("{FAE04EC0-301F-11D3-BF4B-00C04F79EFBC}") = "Todolist", "Todolist\Todolist.csproj", "{E6D5BE9E-6254-4D5D-87D1-9AEB9AE16365}"
EndProject
Global
	GlobalSection(SolutionConfigurationPlatforms) = preSolution
		Debug|Any CPU = Debug|Any CPU
		Release|Any CPU = Release|Any CPU
	EndGlobalSection
	GlobalSection(ProjectConfigurationPlatforms) = postSolution
		{E6D5BE9E-6254-4D5D-87D1-9AEB9AE16365}.Debug|Any CPU.ActiveCfg = Debug|Any CPU
		{E6D5BE9E-6254-4D5D-87D1-9AEB9AE16365}.Debug|Any CPU.Build.0 = Debug|Any CPU
		{E6D5BE9E-6254-4D5D-87D1-9AEB9AE16365}.Release|Any CPU.ActiveCfg = Release|Any CPU
		{E6D5BE9E-6254-4D5D-87D1-9AEB9AE16365}.Release|Any CPU.Build.0 = Release|Any CPU
	EndGlobalSection
	GlobalSection(SolutionProperties) = preSolution
		HideSolutionNode = FALSE
	EndGlobalSection
	GlobalSection(ExtensibilityGlobals) = postSolution
		SolutionGuid = {06CA360C-D625-47AA-95C9-F5E8D648817B}
	EndGlobalSection
EndGlobal
